
Microsoft Visual Studio Solution File, Format Version 12.00
# Visual Studio Version 17
VisualStudioVersion = 17.9.34728.123
MinimumVisualStudioVersion = 10.0.40219.1
Project("{FAE04EC0-301F-11D3-BF4B-00C04F79EFBC}") = "odev", "odev.csproj", "{43D19EA3-7199-4794-8602-EF3D57FE2019}"
EndProject
Global
	GlobalSection(SolutionConfigurationPlatforms) = preSolution
		Debug|Any CPU = Debug|Any CPU
		Release|Any CPU = Release|Any CPU
	EndGlobalSection
	GlobalSection(ProjectConfigurationPlatforms) = postSolution
		{43D19EA3-7199-4794-8602-EF3D57FE2019}.Debug|Any CPU.ActiveCfg = Debug|Any CPU
		{43D19EA3-7199-4794-8602-EF3D57FE2019}.Debug|Any CPU.Build.0 = Debug|Any CPU
		{43D19EA3-7199-4794-8602-EF3D57FE2019}.Release|Any CPU.ActiveCfg = Release|Any CPU
		{43D19EA3-7199-4794-8602-EF3D57FE2019}.Release|Any CPU.Build.0 = Release|Any CPU
	EndGlobalSection
	GlobalSection(SolutionProperties) = preSolution
		HideSolutionNode = FALSE
	EndGlobalSection
	GlobalSection(ExtensibilityGlobals) = postSolution
		SolutionGuid = {0043BBA0-CEC5-4F86-BADD-9C750E0D0716}
	EndGlobalSection
EndGlobal
